{
    "_readme": [
        "This file locks the dependencies of your project to a known state",
        "Read more about it at https://getcomposer.org/doc/01-basic-usage.md#installing-dependencies",
        "This file is @generated automatically"
    ],
    "content-hash": "470b37c2cecc5444016c52568c3779c0",
    "packages": [
        {
            "name": "edesk/edesk-core",
            "version": "dev-master",
            "source": {
                "type": "git",
                "url": "https://github.com/chema29/edeskLibrary.git",
                "reference": "0f714140214906ead650695341f679f92367059f"
            },
            "dist": {
                "type": "zip",
                "url": "https://api.github.com/repos/chema29/edeskLibrary/zipball/0f714140214906ead650695341f679f92367059f",
                "reference": "0f714140214906ead650695341f679f92367059f",
                "shasum": ""
            },
            "require-dev": {
                "phpunit/phpunit": "^9.5"
            },
            "default-branch": true,
            "type": "library",
            "autoload": {
                "psr-4": {
                    "Edesk\\": "src/"
                }
            },
            "notification-url": "https://packagist.org/downloads/",
            "license": [
                "MIT"
            ],
            "authors": [
                {
                    "name": "Jose Porras",
                    "email": "josemariaporras29@gmail.com"
                }
            ],
            "description": "Archivos b\u0000sicos para conexi\u0000n a la base de dato, para la ejecuci\u0000n de querys, clases para trabajar con correo electr\u0000nicos de elasticemail, y funciones generales.",
            "support": {
                "issues": "https://github.com/chema29/edeskLibrary/issues",
                "source": "https://github.com/chema29/edeskLibrary/tree/master"
            },
            "time": "2024-02-16T05:01:43+00:00"
        }
    ],
    "packages-dev": [],
    "aliases": [],
    "minimum-stability": "stable",
    "stability-flags": {
        "edesk/edesk-core": 20
    },
    "prefer-stable": false,
    "prefer-lowest": false,
    "platform": [],
    "platform-dev": [],
    "plugin-api-version": "2.1.0"
}
